<?xml version="1.0" encoding="utf-8"?>
<Project ToolsVersion="4.0" xmlns="http://schemas.microsoft.com/developer/msbuild/2003">
  <ItemGroup>
    <ClInclude Include="src\custom-instr.hpp" />
    <ClInclude Include="src\intersect.hpp" />
    <ClInclude Include="src\include.hpp" />
    <ClInclude Include="src\sampling.hpp" />
    <ClInclude Include="src\stdafx.hpp" />
    <ClInclude Include="src\treelet-bvh.hpp" />
    <ClInclude Include="src\work-item.hpp" />
  </ItemGroup>
  <ItemGroup>
    <ClCompile Include="src\main.cpp" />
  </ItemGroup>
</Project>