<?xml version="1.0" encoding="utf-8"?>
<Project ToolsVersion="4.0" xmlns="http://schemas.microsoft.com/developer/msbuild/2003">
  <ItemGroup>
    <ClInclude Include="src\custom-instr.hpp" />
    <ClInclude Include="src\intersect.hpp" />
    <ClInclude Include="src\stdafx.hpp" />
    <ClInclude Include="..\include\rtm\aabb.hpp">
      <Filter>rtm</Filter>
    </ClInclude>
    <ClInclude Include="..\include\rtm\bvh.hpp">
      <Filter>rtm</Filter>
    </ClInclude>
    <ClInclude Include="..\include\rtm\camera.hpp">
      <Filter>rtm</Filter>
    </ClInclude>
    <ClInclude Include="..\include\rtm\float.hpp">
      <Filter>rtm</Filter>
    </ClInclude>
    <ClInclude Include="..\include\rtm\int.hpp">
      <Filter>rtm</Filter>
    </ClInclude>
    <ClInclude Include="..\include\rtm\intersect.hpp">
      <Filter>rtm</Filter>
    </ClInclude>
    <ClInclude Include="..\include\rtm\macros.hpp">
      <Filter>rtm</Filter>
    </ClInclude>
    <ClInclude Include="..\include\rtm\mesh.hpp">
      <Filter>rtm</Filter>
    </ClInclude>
    <ClInclude Include="..\include\rtm\ray.hpp">
      <Filter>rtm</Filter>
    </ClInclude>
    <ClInclude Include="..\include\rtm\rng.hpp">
      <Filter>rtm</Filter>
    </ClInclude>
    <ClInclude Include="..\include\rtm\rtm.hpp">
      <Filter>rtm</Filter>
    </ClInclude>
    <ClInclude Include="..\include\rtm\sampling.hpp">
      <Filter>rtm</Filter>
    </ClInclude>
    <ClInclude Include="..\include\rtm\triangle.hpp">
      <Filter>rtm</Filter>
    </ClInclude>
    <ClInclude Include="..\include\rtm\uvec2.hpp">
      <Filter>rtm</Filter>
    </ClInclude>
    <ClInclude Include="..\include\rtm\uvec3.hpp">
      <Filter>rtm</Filter>
    </ClInclude>
    <ClInclude Include="..\include\rtm\uvec4.hpp">
      <Filter>rtm</Filter>
    </ClInclude>
    <ClInclude Include="..\include\rtm\vec2.hpp">
      <Filter>rtm</Filter>
    </ClInclude>
    <ClInclude Include="..\include\rtm\vec3.hpp">
      <Filter>rtm</Filter>
    </ClInclude>
    <ClInclude Include="..\include\rtm\vec4.hpp">
      <Filter>rtm</Filter>
    </ClInclude>
    <ClInclude Include="..\include\rtm\packed-bvh.hpp">
      <Filter>rtm</Filter>
    </ClInclude>
  </ItemGroup>
  <ItemGroup>
    <ClCompile Include="src\main.cpp" />
  </ItemGroup>
  <ItemGroup>
    <Filter Include="rtm">
      <UniqueIdentifier>{b86b5e40-0ef3-4ef5-be42-edc66a03d59c}</UniqueIdentifier>
    </Filter>
  </ItemGroup>
</Project>