<?xml version="1.0" encoding="utf-8"?>
<Project ToolsVersion="4.0" xmlns="http://schemas.microsoft.com/developer/msbuild/2003">
  <ItemGroup>
    <ClInclude Include="src\aabb.hpp" />
    <ClInclude Include="src\bvh.hpp" />
    <ClInclude Include="src\camera.hpp" />
    <ClInclude Include="src\custom-instr.hpp" />
    <ClInclude Include="src\intersect.hpp" />
    <ClInclude Include="src\intersect-tt.hpp" />
    <ClInclude Include="src\intersect-tt1.hpp" />
    <ClInclude Include="src\intersect-tt4.hpp" />
    <ClInclude Include="src\mesh.hpp" />
    <ClInclude Include="src\random-number-generator.hpp" />
    <ClInclude Include="src\ray.hpp" />
    <ClInclude Include="src\ray-tracing-include.hpp" />
    <ClInclude Include="src\rtm.hpp" />
    <ClInclude Include="src\sampling.hpp" />
    <ClInclude Include="src\stb_image.h" />
    <ClInclude Include="src\stb_image_write.h" />
    <ClInclude Include="src\stdafx.hpp" />
    <ClInclude Include="src\tesselation-tree.hpp" />
    <ClInclude Include="src\tesselation-tree1.hpp" />
    <ClInclude Include="src\tesselation-tree4.hpp" />
    <ClInclude Include="src\triangle.hpp" />
    <ClInclude Include="src\uvec3.hpp" />
    <ClInclude Include="src\vec2.hpp" />
    <ClInclude Include="src\vec3.hpp" />
    <ClInclude Include="src\vec4.hpp" />
  </ItemGroup>
  <ItemGroup>
    <ClCompile Include="src\path-tracer.cpp" />
    <ClCompile Include="src\ray-caster.cpp" />
  </ItemGroup>
</Project>