<?xml version="1.0" encoding="utf-8"?>
<Project ToolsVersion="4.0" xmlns="http://schemas.microsoft.com/developer/msbuild/2003">
  <ItemGroup>
    <Filter Include="arches">
      <UniqueIdentifier>{229ce882-0c3a-494f-b18d-23f369b02247}</UniqueIdentifier>
    </Filter>
    <Filter Include="arches\isa">
      <UniqueIdentifier>{62e99c9a-3bf1-4430-97c0-a698d70fccdd}</UniqueIdentifier>
    </Filter>
    <Filter Include="arches\units">
      <UniqueIdentifier>{3f17a2ca-e950-4609-86b4-cb15b465eccc}</UniqueIdentifier>
    </Filter>
    <Filter Include="arches\units\usimm">
      <UniqueIdentifier>{bf3de91a-f8ba-43a4-a734-72e9525bf579}</UniqueIdentifier>
    </Filter>
    <Filter Include="arches\simulator">
      <UniqueIdentifier>{ac3b3227-cd52-4b19-9bf1-63bf48631786}</UniqueIdentifier>
    </Filter>
    <Filter Include="arches\units\dual-streaming">
      <UniqueIdentifier>{f14bb3fe-a019-47b2-979a-474edbd44d61}</UniqueIdentifier>
    </Filter>
    <Filter Include="benchmarks">
      <UniqueIdentifier>{d2aa26f2-4afd-4570-85af-47a9f292bfba}</UniqueIdentifier>
    </Filter>
    <Filter Include="benchmarks\trax">
      <UniqueIdentifier>{c1d491ac-5fc1-4678-b5bf-9eabfeca53e6}</UniqueIdentifier>
    </Filter>
    <Filter Include="benchmarks\trax\src">
      <UniqueIdentifier>{066a875b-895e-4ffe-af64-e8fa000f827a}</UniqueIdentifier>
    </Filter>
    <Filter Include="benchmarks\dual-streaming">
      <UniqueIdentifier>{b6e04cee-a5cb-42c4-bdbc-1a34a8a06f9a}</UniqueIdentifier>
    </Filter>
    <Filter Include="benchmarks\dual-streaming\src">
      <UniqueIdentifier>{53ae0324-555a-46f2-988b-a2c13270a9ed}</UniqueIdentifier>
    </Filter>
    <Filter Include="arches\units\util">
      <UniqueIdentifier>{136ef3ef-4008-4896-8341-c5df009e6691}</UniqueIdentifier>
    </Filter>
    <Filter Include="arches\units\trax">
      <UniqueIdentifier>{2595a594-c1b6-4ee3-8d8d-fefecd2ac7db}</UniqueIdentifier>
    </Filter>
  </ItemGroup>
  <ItemGroup>
    <ClInclude Include="src\arches\isa\errors.hpp">
      <Filter>arches\isa</Filter>
    </ClInclude>
    <ClInclude Include="src\arches\isa\execution-base.hpp">
      <Filter>arches\isa</Filter>
    </ClInclude>
    <ClInclude Include="src\arches\isa\registers.hpp">
      <Filter>arches\isa</Filter>
    </ClInclude>
    <ClInclude Include="src\arches\isa\riscv.hpp">
      <Filter>arches\isa</Filter>
    </ClInclude>
    <ClInclude Include="src\arches\simulator\simulator.hpp">
      <Filter>arches\simulator</Filter>
    </ClInclude>
    <ClInclude Include="src\arches\units\unit-base.hpp">
      <Filter>arches\units</Filter>
    </ClInclude>
    <ClInclude Include="src\arches\units\unit-core-simple.hpp">
      <Filter>arches\units</Filter>
    </ClInclude>
    <ClInclude Include="src\arches\units\unit-main-memory-base.hpp">
      <Filter>arches\units</Filter>
    </ClInclude>
    <ClInclude Include="src\arches\units\unit-memory-base.hpp">
      <Filter>arches\units</Filter>
    </ClInclude>
    <ClInclude Include="src\arches\util\barrier.hpp">
      <Filter>arches\units\util</Filter>
    </ClInclude>
    <ClInclude Include="src\arches\util\bit-manipulation.hpp">
      <Filter>arches\units\util</Filter>
    </ClInclude>
    <ClInclude Include="src\arches\util\elf.hpp">
      <Filter>arches\units\util</Filter>
    </ClInclude>
    <ClInclude Include="src\arches\util\endian.hpp">
      <Filter>arches\units\util</Filter>
    </ClInclude>
    <ClInclude Include="src\arches\util\file.hpp">
      <Filter>arches\units\util</Filter>
    </ClInclude>
    <ClInclude Include="src\arches\util\math.hpp">
      <Filter>arches\units\util</Filter>
    </ClInclude>
    <ClInclude Include="src\arches\util\string.hpp">
      <Filter>arches\units\util</Filter>
    </ClInclude>
    <ClInclude Include="src\stdafx.hpp" />
    <ClInclude Include="src\arches\units\uint-atomic-increment.hpp">
      <Filter>arches\units</Filter>
    </ClInclude>
    <ClInclude Include="src\arches\units\unit-dram.hpp">
      <Filter>arches\units</Filter>
    </ClInclude>
    <ClInclude Include="src\arches\util\stb_image.h">
      <Filter>arches\units\util</Filter>
    </ClInclude>
    <ClInclude Include="src\arches\util\stb_image_write.h">
      <Filter>arches\units\util</Filter>
    </ClInclude>
    <ClInclude Include="src\arches\units\usimm\configfile.h">
      <Filter>arches\units\usimm</Filter>
    </ClInclude>
    <ClInclude Include="src\arches\units\usimm\memory_controller.h">
      <Filter>arches\units\usimm</Filter>
    </ClInclude>
    <ClInclude Include="src\arches\units\usimm\params.h">
      <Filter>arches\units\usimm</Filter>
    </ClInclude>
    <ClInclude Include="src\arches\units\usimm\processor.h">
      <Filter>arches\units\usimm</Filter>
    </ClInclude>
    <ClInclude Include="src\arches\units\usimm\scheduler.h">
      <Filter>arches\units\usimm</Filter>
    </ClInclude>
    <ClInclude Include="src\arches\units\usimm\usimm.h">
      <Filter>arches\units\usimm</Filter>
    </ClInclude>
    <ClInclude Include="src\arches\units\usimm\utils.h">
      <Filter>arches\units\usimm</Filter>
    </ClInclude>
    <ClInclude Include="src\arches\util\round-robin-arbitrator.hpp">
      <Filter>arches\units\util</Filter>
    </ClInclude>
    <ClInclude Include="src\arches\units\trax\unit-trax-tp.hpp">
      <Filter>arches\units\trax</Filter>
    </ClInclude>
    <ClInclude Include="src\arches\units\unit-cache.hpp">
      <Filter>arches\units</Filter>
    </ClInclude>
    <ClInclude Include="src\trax.hpp" />
    <ClInclude Include="src\riscv\trax\src\ray-tracing-include.hpp">
      <Filter>benchmarks\trax\src</Filter>
    </ClInclude>
    <ClInclude Include="src\dual-streaming.hpp" />
    <ClInclude Include="benchmarks\dual-streaming\src\ray-tracing-include.hpp">
      <Filter>benchmarks\dual-streaming\src</Filter>
    </ClInclude>
    <ClInclude Include="src\arches\units\dual-streaming\unit-ds-tp.hpp">
      <Filter>arches\units\dual-streaming</Filter>
    </ClInclude>
    <ClInclude Include="src\arches\units\unit-sfu.hpp">
      <Filter>arches\units</Filter>
    </ClInclude>
    <ClInclude Include="benchmarks\dual-streaming\src\bvh.hpp">
      <Filter>benchmarks\dual-streaming\src</Filter>
    </ClInclude>
    <ClInclude Include="benchmarks\dual-streaming\src\treelet-bvh.hpp">
      <Filter>benchmarks\dual-streaming\src</Filter>
    </ClInclude>
    <ClInclude Include="benchmarks\dual-streaming\src\intersect.hpp">
      <Filter>benchmarks\dual-streaming\src</Filter>
    </ClInclude>
    <ClInclude Include="src\arches\units\dual-streaming\unit-ray-staging-buffer.hpp">
      <Filter>arches\units\dual-streaming</Filter>
    </ClInclude>
    <ClInclude Include="src\arches\units\unit-buffer.hpp">
      <Filter>arches\units</Filter>
    </ClInclude>
    <ClInclude Include="src\arches\units\dual-streaming\unit-scene-buffer.hpp">
      <Filter>arches\units\dual-streaming</Filter>
    </ClInclude>
    <ClInclude Include="src\arches\units\dual-streaming\unit-stream-scheduler.hpp">
      <Filter>arches\units\dual-streaming</Filter>
    </ClInclude>
  </ItemGroup>
  <ItemGroup>
    <ClCompile Include="src\arches\isa\registers.cpp">
      <Filter>arches\isa</Filter>
    </ClCompile>
    <ClCompile Include="src\arches\isa\riscv.cpp">
      <Filter>arches\isa</Filter>
    </ClCompile>
    <ClCompile Include="src\arches\simulator\simulator.cpp">
      <Filter>arches\simulator</Filter>
    </ClCompile>
    <ClCompile Include="src\arches\util\barrier.cpp">
      <Filter>arches\units\util</Filter>
    </ClCompile>
    <ClCompile Include="src\arches\util\elf.cpp">
      <Filter>arches\units\util</Filter>
    </ClCompile>
    <ClCompile Include="src\arches\util\file.cpp">
      <Filter>arches\units\util</Filter>
    </ClCompile>
    <ClCompile Include="src\arches\util\string.cpp">
      <Filter>arches\units\util</Filter>
    </ClCompile>
    <ClCompile Include="src\main.cpp" />
    <ClCompile Include="src\arches\util\stbi.cpp">
      <Filter>arches\units\util</Filter>
    </ClCompile>
    <ClCompile Include="src\arches\units\unit-dram.cpp">
      <Filter>arches\units</Filter>
    </ClCompile>
    <ClCompile Include="src\arches\units\usimm\memory_controller.cc">
      <Filter>arches\units\usimm</Filter>
    </ClCompile>
    <ClCompile Include="src\arches\units\usimm\scheduler.cc">
      <Filter>arches\units\usimm</Filter>
    </ClCompile>
    <ClCompile Include="src\arches\units\usimm\usimm.cc">
      <Filter>arches\units\usimm</Filter>
    </ClCompile>
    <ClCompile Include="src\arches\units\unit-core-simple.cpp">
      <Filter>arches\units</Filter>
    </ClCompile>
    <ClCompile Include="src\arches\units\trax\unit-trax-tp.cpp">
      <Filter>arches\units\trax</Filter>
    </ClCompile>
    <ClCompile Include="src\arches\units\dual-streaming\unit-ds-tp.cpp">
      <Filter>arches\units\dual-streaming</Filter>
    </ClCompile>
    <ClCompile Include="src\arches\units\unit-cache.cpp">
      <Filter>arches\units</Filter>
    </ClCompile>
  </ItemGroup>
</Project>