<?xml version="1.0" encoding="utf-8"?>
<Project ToolsVersion="4.0" xmlns="http://schemas.microsoft.com/developer/msbuild/2003">
  <ItemGroup>
    <Filter Include="isa">
      <UniqueIdentifier>{62e99c9a-3bf1-4430-97c0-a698d70fccdd}</UniqueIdentifier>
    </Filter>
    <Filter Include="util">
      <UniqueIdentifier>{136ef3ef-4008-4896-8341-c5df009e6691}</UniqueIdentifier>
    </Filter>
    <Filter Include="units">
      <UniqueIdentifier>{3f17a2ca-e950-4609-86b4-cb15b465eccc}</UniqueIdentifier>
    </Filter>
    <Filter Include="units\usimm">
      <UniqueIdentifier>{bf3de91a-f8ba-43a4-a734-72e9525bf579}</UniqueIdentifier>
    </Filter>
    <Filter Include="units\dual-streaming">
      <UniqueIdentifier>{f14bb3fe-a019-47b2-979a-474edbd44d61}</UniqueIdentifier>
    </Filter>
    <Filter Include="simulator">
      <UniqueIdentifier>{ac3b3227-cd52-4b19-9bf1-63bf48631786}</UniqueIdentifier>
    </Filter>
    <Filter Include="units\usimm\config-files">
      <UniqueIdentifier>{45085a9c-c447-4b69-a785-91585041968d}</UniqueIdentifier>
    </Filter>
  </ItemGroup>
  <ItemGroup>
    <ClInclude Include="src\stdafx.hpp" />
    <ClInclude Include="src\trax.hpp" />
    <ClInclude Include="src\dual-streaming.hpp" />
    <ClInclude Include="src\describo.hpp" />
    <ClInclude Include="src\isa\errors.hpp">
      <Filter>isa</Filter>
    </ClInclude>
    <ClInclude Include="src\isa\execution-base.hpp">
      <Filter>isa</Filter>
    </ClInclude>
    <ClInclude Include="src\isa\registers.hpp">
      <Filter>isa</Filter>
    </ClInclude>
    <ClInclude Include="src\isa\riscv.hpp">
      <Filter>isa</Filter>
    </ClInclude>
    <ClInclude Include="src\simulator\interconnects.hpp">
      <Filter>simulator</Filter>
    </ClInclude>
    <ClInclude Include="src\simulator\simulator.hpp">
      <Filter>simulator</Filter>
    </ClInclude>
    <ClInclude Include="src\simulator\transactions.hpp">
      <Filter>simulator</Filter>
    </ClInclude>
    <ClInclude Include="src\units\unit-atomic-reg-file.hpp">
      <Filter>units</Filter>
    </ClInclude>
    <ClInclude Include="src\units\unit-base.hpp">
      <Filter>units</Filter>
    </ClInclude>
    <ClInclude Include="src\units\unit-buffer.hpp">
      <Filter>units</Filter>
    </ClInclude>
    <ClInclude Include="src\units\unit-cache-base.hpp">
      <Filter>units</Filter>
    </ClInclude>
    <ClInclude Include="src\units\unit-dram.hpp">
      <Filter>units</Filter>
    </ClInclude>
    <ClInclude Include="src\units\unit-main-memory-base.hpp">
      <Filter>units</Filter>
    </ClInclude>
    <ClInclude Include="src\units\unit-memory-base.hpp">
      <Filter>units</Filter>
    </ClInclude>
    <ClInclude Include="src\units\unit-non-blocking-cache.hpp">
      <Filter>units</Filter>
    </ClInclude>
    <ClInclude Include="src\units\unit-sfu.hpp">
      <Filter>units</Filter>
    </ClInclude>
    <ClInclude Include="src\units\unit-tile-scheduler.hpp">
      <Filter>units</Filter>
    </ClInclude>
    <ClInclude Include="src\units\unit-tp.hpp">
      <Filter>units</Filter>
    </ClInclude>
    <ClInclude Include="src\units\usimm\configfile.h">
      <Filter>units\usimm</Filter>
    </ClInclude>
    <ClInclude Include="src\units\usimm\memory_controller.h">
      <Filter>units\usimm</Filter>
    </ClInclude>
    <ClInclude Include="src\units\usimm\params.h">
      <Filter>units\usimm</Filter>
    </ClInclude>
    <ClInclude Include="src\units\usimm\processor.h">
      <Filter>units\usimm</Filter>
    </ClInclude>
    <ClInclude Include="src\units\usimm\scheduler.h">
      <Filter>units\usimm</Filter>
    </ClInclude>
    <ClInclude Include="src\units\usimm\usimm.h">
      <Filter>units\usimm</Filter>
    </ClInclude>
    <ClInclude Include="src\units\usimm\utils.h">
      <Filter>units\usimm</Filter>
    </ClInclude>
    <ClInclude Include="src\units\dual-streaming\unit-ray-staging-buffer.hpp">
      <Filter>units\dual-streaming</Filter>
    </ClInclude>
    <ClInclude Include="src\util\arbitration.hpp">
      <Filter>util</Filter>
    </ClInclude>
    <ClInclude Include="src\util\bit-manipulation.hpp">
      <Filter>util</Filter>
    </ClInclude>
    <ClInclude Include="src\util\elf.hpp">
      <Filter>util</Filter>
    </ClInclude>
    <ClInclude Include="src\util\endian.hpp">
      <Filter>util</Filter>
    </ClInclude>
    <ClInclude Include="src\util\file.hpp">
      <Filter>util</Filter>
    </ClInclude>
    <ClInclude Include="src\util\memory-map.hpp">
      <Filter>util</Filter>
    </ClInclude>
    <ClInclude Include="src\util\stb_image.h">
      <Filter>util</Filter>
    </ClInclude>
    <ClInclude Include="src\util\stb_image_write.h">
      <Filter>util</Filter>
    </ClInclude>
    <ClInclude Include="src\util\string.hpp">
      <Filter>util</Filter>
    </ClInclude>
    <ClInclude Include="src\units\unit-blocking-cache.hpp">
      <Filter>units</Filter>
    </ClInclude>
    <ClInclude Include="src\units\dual-streaming\unit-stream-scheduler.hpp">
      <Filter>units\dual-streaming</Filter>
    </ClInclude>
    <ClInclude Include="src\units\dual-streaming\unit-hit-record-updater.hpp">
      <Filter>units\dual-streaming</Filter>
    </ClInclude>
  </ItemGroup>
  <ItemGroup>
    <ClCompile Include="src\main.cpp" />
    <ClCompile Include="src\isa\registers.cpp">
      <Filter>isa</Filter>
    </ClCompile>
    <ClCompile Include="src\isa\riscv.cpp">
      <Filter>isa</Filter>
    </ClCompile>
    <ClCompile Include="src\simulator\simulator.cpp">
      <Filter>simulator</Filter>
    </ClCompile>
    <ClCompile Include="src\units\unit-cache-base.cpp">
      <Filter>units</Filter>
    </ClCompile>
    <ClCompile Include="src\units\unit-dram.cpp">
      <Filter>units</Filter>
    </ClCompile>
    <ClCompile Include="src\units\unit-non-blocking-cache.cpp">
      <Filter>units</Filter>
    </ClCompile>
    <ClCompile Include="src\units\unit-tp.cpp">
      <Filter>units</Filter>
    </ClCompile>
    <ClCompile Include="src\units\usimm\memory_controller.cc">
      <Filter>units\usimm</Filter>
    </ClCompile>
    <ClCompile Include="src\units\usimm\scheduler.cc">
      <Filter>units\usimm</Filter>
    </ClCompile>
    <ClCompile Include="src\units\usimm\usimm.cc">
      <Filter>units\usimm</Filter>
    </ClCompile>
    <ClCompile Include="src\util\elf.cpp">
      <Filter>util</Filter>
    </ClCompile>
    <ClCompile Include="src\util\file.cpp">
      <Filter>util</Filter>
    </ClCompile>
    <ClCompile Include="src\util\stbi.cpp">
      <Filter>util</Filter>
    </ClCompile>
    <ClCompile Include="src\util\string.cpp">
      <Filter>util</Filter>
    </ClCompile>
    <ClCompile Include="src\units\unit-blocking-cache.cpp">
      <Filter>units</Filter>
    </ClCompile>
    <ClCompile Include="src\units\dual-streaming\unit-stream-scheduler.cpp">
      <Filter>units\dual-streaming</Filter>
    </ClCompile>
  </ItemGroup>
  <ItemGroup>
    <None Include="src\units\usimm\config-files\1channel.cfg">
      <Filter>units\usimm\config-files</Filter>
    </None>
    <None Include="src\units\usimm\config-files\1Gb.vi">
      <Filter>units\usimm\config-files</Filter>
    </None>
    <None Include="src\units\usimm\config-files\1Gb_x4.vi">
      <Filter>units\usimm\config-files</Filter>
    </None>
    <None Include="src\units\usimm\config-files\1Gb_x8.vi">
      <Filter>units\usimm\config-files</Filter>
    </None>
    <None Include="src\units\usimm\config-files\1Gb_x16.vi">
      <Filter>units\usimm\config-files</Filter>
    </None>
    <None Include="src\units\usimm\config-files\1Gb_x16_amd2GHz.vi">
      <Filter>units\usimm\config-files</Filter>
    </None>
    <None Include="src\units\usimm\config-files\2Gb_x4.vi">
      <Filter>units\usimm\config-files</Filter>
    </None>
    <None Include="src\units\usimm\config-files\2Gb_x8.vi">
      <Filter>units\usimm\config-files</Filter>
    </None>
    <None Include="src\units\usimm\config-files\4channel.cfg">
      <Filter>units\usimm\config-files</Filter>
    </None>
    <None Include="src\units\usimm\config-files\4Gb_x4.vi">
      <Filter>units\usimm\config-files</Filter>
    </None>
    <None Include="src\units\usimm\config-files\4Gb_x8.vi">
      <Filter>units\usimm\config-files</Filter>
    </None>
    <None Include="src\units\usimm\config-files\gddr5_8ch.cfg">
      <Filter>units\usimm\config-files</Filter>
    </None>
    <None Include="src\units\usimm\config-files\gddr5_4ch.cfg">
      <Filter>units\usimm\config-files</Filter>
    </None>
    <None Include="src\units\usimm\config-files\gddr5_16ch.cfg">
      <Filter>units\usimm\config-files</Filter>
    </None>
    <None Include="src\units\usimm\config-files\gddr5_amd_map1_128col.cfg">
      <Filter>units\usimm\config-files</Filter>
    </None>
    <None Include="src\units\usimm\config-files\gddr5_amd_map1_128col_8ch.cfg">
      <Filter>units\usimm\config-files</Filter>
    </None>
  </ItemGroup>
  <ItemGroup>
    <Text Include="src\units\dual-streaming\unit-ds-tp.hpp">
      <Filter>units\dual-streaming</Filter>
    </Text>
  </ItemGroup>
</Project>